
Microsoft Visual Studio Solution File, Format Version 12.00
# Visual Studio Version 17
VisualStudioVersion = 17.11.35222.181
MinimumVisualStudioVersion = 10.0.40219.1
Project("{9A19103F-16F7-4668-BE54-9A1E7A4F7556}") = "Taxi_Qualifier.Common", "Taxi_Qualifier.Common\Taxi_Qualifier.Common.csproj", "{0FAF659E-09FB-42A6-AD1F-CBCEF6D87773}"
EndProject
Project("{9A19103F-16F7-4668-BE54-9A1E7A4F7556}") = "Taxi_Qualifier.Web", "Taxi_Qualifier.Web\Taxi_Qualifier.Web.csproj", "{906733C9-6868-4B66-8308-6E1FB456C1EC}"
EndProject
Project("{FAE04EC0-301F-11D3-BF4B-00C04F79EFBC}") = "Taxi_Qualifier.Prism", "Taxi_Qualifier.Prism\Taxi_Qualifier.Prism\Taxi_Qualifier.Prism.csproj", "{01BE18F5-B236-4E17-9FBF-6F8653606C4A}"
EndProject
Project("{FAE04EC0-301F-11D3-BF4B-00C04F79EFBC}") = "Taxi_Qualifier.Prism.Android", "Taxi_Qualifier.Prism\Taxi_Qualifier.Prism.Android\Taxi_Qualifier.Prism.Android.csproj", "{846A3001-9B8F-4120-8FBC-755D890C8080}"
EndProject
Project("{FAE04EC0-301F-11D3-BF4B-00C04F79EFBC}") = "Taxi_Qualifier.Prism.iOS", "Taxi_Qualifier.Prism\Taxi_Qualifier.Prism.iOS\Taxi_Qualifier.Prism.iOS.csproj", "{E04A62DA-49FB-4E8C-8622-77C35933D23F}"
EndProject
Project("{FAE04EC0-301F-11D3-BF4B-00C04F79EFBC}") = "Taxi_Qualifier.Cross.Android", "Taxi_Qualifier.Cross.Android\Taxi_Qualifier.Cross.Android.csproj", "{3FA8AB1E-0438-4C27-BFA3-2E64ED81142F}"
EndProject
Project("{FAE04EC0-301F-11D3-BF4B-00C04F79EFBC}") = "Taxi_Qualifier.Cross.iOS", "Taxi_Qualifier.Cross.iOS\Taxi_Qualifier.Cross.iOS.csproj", "{637E0CA7-FF89-40F0-9BE9-6C005040F520}"
EndProject
Global
	GlobalSection(SolutionConfigurationPlatforms) = preSolution
		Ad-Hoc|Any CPU = Ad-Hoc|Any CPU
		Ad-Hoc|iPhone = Ad-Hoc|iPhone
		Ad-Hoc|iPhoneSimulator = Ad-Hoc|iPhoneSimulator
		AppStore|Any CPU = AppStore|Any CPU
		AppStore|iPhone = AppStore|iPhone
		AppStore|iPhoneSimulator = AppStore|iPhoneSimulator
		Debug|Any CPU = Debug|Any CPU
		Debug|iPhone = Debug|iPhone
		Debug|iPhoneSimulator = Debug|iPhoneSimulator
		Release|Any CPU = Release|Any CPU
		Release|iPhone = Release|iPhone
		Release|iPhoneSimulator = Release|iPhoneSimulator
	EndGlobalSection
	GlobalSection(ProjectConfigurationPlatforms) = postSolution
		{0FAF659E-09FB-42A6-AD1F-CBCEF6D87773}.Ad-Hoc|Any CPU.ActiveCfg = Release|Any CPU
		{0FAF659E-09FB-42A6-AD1F-CBCEF6D87773}.Ad-Hoc|Any CPU.Build.0 = Release|Any CPU
		{0FAF659E-09FB-42A6-AD1F-CBCEF6D87773}.Ad-Hoc|iPhone.ActiveCfg = Release|Any CPU
		{0FAF659E-09FB-42A6-AD1F-CBCEF6D87773}.Ad-Hoc|iPhone.Build.0 = Release|Any CPU
		{0FAF659E-09FB-42A6-AD1F-CBCEF6D87773}.Ad-Hoc|iPhoneSimulator.ActiveCfg = Release|Any CPU
		{0FAF659E-09FB-42A6-AD1F-CBCEF6D87773}.Ad-Hoc|iPhoneSimulator.Build.0 = Release|Any CPU
		{0FAF659E-09FB-42A6-AD1F-CBCEF6D87773}.AppStore|Any CPU.ActiveCfg = Release|Any CPU
		{0FAF659E-09FB-42A6-AD1F-CBCEF6D87773}.AppStore|Any CPU.Build.0 = Release|Any CPU
		{0FAF659E-09FB-42A6-AD1F-CBCEF6D87773}.AppStore|iPhone.ActiveCfg = Release|Any CPU
		{0FAF659E-09FB-42A6-AD1F-CBCEF6D87773}.AppStore|iPhone.Build.0 = Release|Any CPU
		{0FAF659E-09FB-42A6-AD1F-CBCEF6D87773}.AppStore|iPhoneSimulator.ActiveCfg = Release|Any CPU
		{0FAF659E-09FB-42A6-AD1F-CBCEF6D87773}.AppStore|iPhoneSimulator.Build.0 = Release|Any CPU
		{0FAF659E-09FB-42A6-AD1F-CBCEF6D87773}.Debug|Any CPU.ActiveCfg = Debug|Any CPU
		{0FAF659E-09FB-42A6-AD1F-CBCEF6D87773}.Debug|Any CPU.Build.0 = Debug|Any CPU
		{0FAF659E-09FB-42A6-AD1F-CBCEF6D87773}.Debug|iPhone.ActiveCfg = Debug|Any CPU
		{0FAF659E-09FB-42A6-AD1F-CBCEF6D87773}.Debug|iPhone.Build.0 = Debug|Any CPU
		{0FAF659E-09FB-42A6-AD1F-CBCEF6D87773}.Debug|iPhoneSimulator.ActiveCfg = Debug|Any CPU
		{0FAF659E-09FB-42A6-AD1F-CBCEF6D87773}.Debug|iPhoneSimulator.Build.0 = Debug|Any CPU
		{0FAF659E-09FB-42A6-AD1F-CBCEF6D87773}.Release|Any CPU.ActiveCfg = Release|Any CPU
		{0FAF659E-09FB-42A6-AD1F-CBCEF6D87773}.Release|Any CPU.Build.0 = Release|Any CPU
		{0FAF659E-09FB-42A6-AD1F-CBCEF6D87773}.Release|iPhone.ActiveCfg = Release|Any CPU
		{0FAF659E-09FB-42A6-AD1F-CBCEF6D87773}.Release|iPhone.Build.0 = Release|Any CPU
		{0FAF659E-09FB-42A6-AD1F-CBCEF6D87773}.Release|iPhoneSimulator.ActiveCfg = Release|Any CPU
		{0FAF659E-09FB-42A6-AD1F-CBCEF6D87773}.Release|iPhoneSimulator.Build.0 = Release|Any CPU
		{906733C9-6868-4B66-8308-6E1FB456C1EC}.Ad-Hoc|Any CPU.ActiveCfg = Release|Any CPU
		{906733C9-6868-4B66-8308-6E1FB456C1EC}.Ad-Hoc|Any CPU.Build.0 = Release|Any CPU
		{906733C9-6868-4B66-8308-6E1FB456C1EC}.Ad-Hoc|iPhone.ActiveCfg = Release|Any CPU
		{906733C9-6868-4B66-8308-6E1FB456C1EC}.Ad-Hoc|iPhone.Build.0 = Release|Any CPU
		{906733C9-6868-4B66-8308-6E1FB456C1EC}.Ad-Hoc|iPhoneSimulator.ActiveCfg = Release|Any CPU
		{906733C9-6868-4B66-8308-6E1FB456C1EC}.Ad-Hoc|iPhoneSimulator.Build.0 = Release|Any CPU
		{906733C9-6868-4B66-8308-6E1FB456C1EC}.AppStore|Any CPU.ActiveCfg = Release|Any CPU
		{906733C9-6868-4B66-8308-6E1FB456C1EC}.AppStore|Any CPU.Build.0 = Release|Any CPU
		{906733C9-6868-4B66-8308-6E1FB456C1EC}.AppStore|iPhone.ActiveCfg = Release|Any CPU
		{906733C9-6868-4B66-8308-6E1FB456C1EC}.AppStore|iPhone.Build.0 = Release|Any CPU
		{906733C9-6868-4B66-8308-6E1FB456C1EC}.AppStore|iPhoneSimulator.ActiveCfg = Release|Any CPU
		{906733C9-6868-4B66-8308-6E1FB456C1EC}.AppStore|iPhoneSimulator.Build.0 = Release|Any CPU
		{906733C9-6868-4B66-8308-6E1FB456C1EC}.Debug|Any CPU.ActiveCfg = Debug|Any CPU
		{906733C9-6868-4B66-8308-6E1FB456C1EC}.Debug|Any CPU.Build.0 = Debug|Any CPU
		{906733C9-6868-4B66-8308-6E1FB456C1EC}.Debug|iPhone.ActiveCfg = Debug|Any CPU
		{906733C9-6868-4B66-8308-6E1FB456C1EC}.Debug|iPhone.Build.0 = Debug|Any CPU
		{906733C9-6868-4B66-8308-6E1FB456C1EC}.Debug|iPhoneSimulator.ActiveCfg = Debug|Any CPU
		{906733C9-6868-4B66-8308-6E1FB456C1EC}.Debug|iPhoneSimulator.Build.0 = Debug|Any CPU
		{906733C9-6868-4B66-8308-6E1FB456C1EC}.Release|Any CPU.ActiveCfg = Release|Any CPU
		{906733C9-6868-4B66-8308-6E1FB456C1EC}.Release|Any CPU.Build.0 = Release|Any CPU
		{906733C9-6868-4B66-8308-6E1FB456C1EC}.Release|iPhone.ActiveCfg = Release|Any CPU
		{906733C9-6868-4B66-8308-6E1FB456C1EC}.Release|iPhone.Build.0 = Release|Any CPU
		{906733C9-6868-4B66-8308-6E1FB456C1EC}.Release|iPhoneSimulator.ActiveCfg = Release|Any CPU
		{906733C9-6868-4B66-8308-6E1FB456C1EC}.Release|iPhoneSimulator.Build.0 = Release|Any CPU
		{01BE18F5-B236-4E17-9FBF-6F8653606C4A}.Ad-Hoc|Any CPU.ActiveCfg = Debug|Any CPU
		{01BE18F5-B236-4E17-9FBF-6F8653606C4A}.Ad-Hoc|Any CPU.Build.0 = Debug|Any CPU
		{01BE18F5-B236-4E17-9FBF-6F8653606C4A}.Ad-Hoc|iPhone.ActiveCfg = Debug|Any CPU
		{01BE18F5-B236-4E17-9FBF-6F8653606C4A}.Ad-Hoc|iPhone.Build.0 = Debug|Any CPU
		{01BE18F5-B236-4E17-9FBF-6F8653606C4A}.Ad-Hoc|iPhoneSimulator.ActiveCfg = Debug|Any CPU
		{01BE18F5-B236-4E17-9FBF-6F8653606C4A}.Ad-Hoc|iPhoneSimulator.Build.0 = Debug|Any CPU
		{01BE18F5-B236-4E17-9FBF-6F8653606C4A}.AppStore|Any CPU.ActiveCfg = Debug|Any CPU
		{01BE18F5-B236-4E17-9FBF-6F8653606C4A}.AppStore|Any CPU.Build.0 = Debug|Any CPU
		{01BE18F5-B236-4E17-9FBF-6F8653606C4A}.AppStore|iPhone.ActiveCfg = Debug|Any CPU
		{01BE18F5-B236-4E17-9FBF-6F8653606C4A}.AppStore|iPhone.Build.0 = Debug|Any CPU
		{01BE18F5-B236-4E17-9FBF-6F8653606C4A}.AppStore|iPhoneSimulator.ActiveCfg = Debug|Any CPU
		{01BE18F5-B236-4E17-9FBF-6F8653606C4A}.AppStore|iPhoneSimulator.Build.0 = Debug|Any CPU
		{01BE18F5-B236-4E17-9FBF-6F8653606C4A}.Debug|Any CPU.ActiveCfg = Debug|Any CPU
		{01BE18F5-B236-4E17-9FBF-6F8653606C4A}.Debug|Any CPU.Build.0 = Debug|Any CPU
		{01BE18F5-B236-4E17-9FBF-6F8653606C4A}.Debug|iPhone.ActiveCfg = Debug|Any CPU
		{01BE18F5-B236-4E17-9FBF-6F8653606C4A}.Debug|iPhone.Build.0 = Debug|Any CPU
		{01BE18F5-B236-4E17-9FBF-6F8653606C4A}.Debug|iPhoneSimulator.ActiveCfg = Debug|Any CPU
		{01BE18F5-B236-4E17-9FBF-6F8653606C4A}.Debug|iPhoneSimulator.Build.0 = Debug|Any CPU
		{01BE18F5-B236-4E17-9FBF-6F8653606C4A}.Release|Any CPU.ActiveCfg = Release|Any CPU
		{01BE18F5-B236-4E17-9FBF-6F8653606C4A}.Release|Any CPU.Build.0 = Release|Any CPU
		{01BE18F5-B236-4E17-9FBF-6F8653606C4A}.Release|iPhone.ActiveCfg = Release|Any CPU
		{01BE18F5-B236-4E17-9FBF-6F8653606C4A}.Release|iPhone.Build.0 = Release|Any CPU
		{01BE18F5-B236-4E17-9FBF-6F8653606C4A}.Release|iPhoneSimulator.ActiveCfg = Release|Any CPU
		{01BE18F5-B236-4E17-9FBF-6F8653606C4A}.Release|iPhoneSimulator.Build.0 = Release|Any CPU
		{846A3001-9B8F-4120-8FBC-755D890C8080}.Ad-Hoc|Any CPU.ActiveCfg = Debug|Any CPU
		{846A3001-9B8F-4120-8FBC-755D890C8080}.Ad-Hoc|Any CPU.Build.0 = Debug|Any CPU
		{846A3001-9B8F-4120-8FBC-755D890C8080}.Ad-Hoc|Any CPU.Deploy.0 = Debug|Any CPU
		{846A3001-9B8F-4120-8FBC-755D890C8080}.Ad-Hoc|iPhone.ActiveCfg = Debug|Any CPU
		{846A3001-9B8F-4120-8FBC-755D890C8080}.Ad-Hoc|iPhone.Build.0 = Debug|Any CPU
		{846A3001-9B8F-4120-8FBC-755D890C8080}.Ad-Hoc|iPhone.Deploy.0 = Debug|Any CPU
		{846A3001-9B8F-4120-8FBC-755D890C8080}.Ad-Hoc|iPhoneSimulator.ActiveCfg = Debug|Any CPU
		{846A3001-9B8F-4120-8FBC-755D890C8080}.Ad-Hoc|iPhoneSimulator.Build.0 = Debug|Any CPU
		{846A3001-9B8F-4120-8FBC-755D890C8080}.Ad-Hoc|iPhoneSimulator.Deploy.0 = Debug|Any CPU
		{846A3001-9B8F-4120-8FBC-755D890C8080}.AppStore|Any CPU.ActiveCfg = Debug|Any CPU
		{846A3001-9B8F-4120-8FBC-755D890C8080}.AppStore|Any CPU.Build.0 = Debug|Any CPU
		{846A3001-9B8F-4120-8FBC-755D890C8080}.AppStore|Any CPU.Deploy.0 = Debug|Any CPU
		{846A3001-9B8F-4120-8FBC-755D890C8080}.AppStore|iPhone.ActiveCfg = Debug|Any CPU
		{846A3001-9B8F-4120-8FBC-755D890C8080}.AppStore|iPhone.Build.0 = Debug|Any CPU
		{846A3001-9B8F-4120-8FBC-755D890C8080}.AppStore|iPhone.Deploy.0 = Debug|Any CPU
		{846A3001-9B8F-4120-8FBC-755D890C8080}.AppStore|iPhoneSimulator.ActiveCfg = Debug|Any CPU
		{846A3001-9B8F-4120-8FBC-755D890C8080}.AppStore|iPhoneSimulator.Build.0 = Debug|Any CPU
		{846A3001-9B8F-4120-8FBC-755D890C8080}.AppStore|iPhoneSimulator.Deploy.0 = Debug|Any CPU
		{846A3001-9B8F-4120-8FBC-755D890C8080}.Debug|Any CPU.ActiveCfg = Debug|Any CPU
		{846A3001-9B8F-4120-8FBC-755D890C8080}.Debug|Any CPU.Build.0 = Debug|Any CPU
		{846A3001-9B8F-4120-8FBC-755D890C8080}.Debug|Any CPU.Deploy.0 = Debug|Any CPU
		{846A3001-9B8F-4120-8FBC-755D890C8080}.Debug|iPhone.ActiveCfg = Debug|Any CPU
		{846A3001-9B8F-4120-8FBC-755D890C8080}.Debug|iPhone.Build.0 = Debug|Any CPU
		{846A3001-9B8F-4120-8FBC-755D890C8080}.Debug|iPhone.Deploy.0 = Debug|Any CPU
		{846A3001-9B8F-4120-8FBC-755D890C8080}.Debug|iPhoneSimulator.ActiveCfg = Debug|Any CPU
		{846A3001-9B8F-4120-8FBC-755D890C8080}.Debug|iPhoneSimulator.Build.0 = Debug|Any CPU
		{846A3001-9B8F-4120-8FBC-755D890C8080}.Debug|iPhoneSimulator.Deploy.0 = Debug|Any CPU
		{846A3001-9B8F-4120-8FBC-755D890C8080}.Release|Any CPU.ActiveCfg = Release|Any CPU
		{846A3001-9B8F-4120-8FBC-755D890C8080}.Release|Any CPU.Build.0 = Release|Any CPU
		{846A3001-9B8F-4120-8FBC-755D890C8080}.Release|Any CPU.Deploy.0 = Release|Any CPU
		{846A3001-9B8F-4120-8FBC-755D890C8080}.Release|iPhone.ActiveCfg = Release|Any CPU
		{846A3001-9B8F-4120-8FBC-755D890C8080}.Release|iPhone.Build.0 = Release|Any CPU
		{846A3001-9B8F-4120-8FBC-755D890C8080}.Release|iPhone.Deploy.0 = Release|Any CPU
		{846A3001-9B8F-4120-8FBC-755D890C8080}.Release|iPhoneSimulator.ActiveCfg = Release|Any CPU
		{846A3001-9B8F-4120-8FBC-755D890C8080}.Release|iPhoneSimulator.Build.0 = Release|Any CPU
		{846A3001-9B8F-4120-8FBC-755D890C8080}.Release|iPhoneSimulator.Deploy.0 = Release|Any CPU
		{E04A62DA-49FB-4E8C-8622-77C35933D23F}.Ad-Hoc|Any CPU.ActiveCfg = Ad-Hoc|iPhoneSimulator
		{E04A62DA-49FB-4E8C-8622-77C35933D23F}.Ad-Hoc|Any CPU.Build.0 = Ad-Hoc|iPhoneSimulator
		{E04A62DA-49FB-4E8C-8622-77C35933D23F}.Ad-Hoc|iPhone.ActiveCfg = Ad-Hoc|iPhone
		{E04A62DA-49FB-4E8C-8622-77C35933D23F}.Ad-Hoc|iPhone.Build.0 = Ad-Hoc|iPhone
		{E04A62DA-49FB-4E8C-8622-77C35933D23F}.Ad-Hoc|iPhoneSimulator.ActiveCfg = Ad-Hoc|iPhoneSimulator
		{E04A62DA-49FB-4E8C-8622-77C35933D23F}.Ad-Hoc|iPhoneSimulator.Build.0 = Ad-Hoc|iPhoneSimulator
		{E04A62DA-49FB-4E8C-8622-77C35933D23F}.AppStore|Any CPU.ActiveCfg = AppStore|iPhoneSimulator
		{E04A62DA-49FB-4E8C-8622-77C35933D23F}.AppStore|Any CPU.Build.0 = AppStore|iPhoneSimulator
		{E04A62DA-49FB-4E8C-8622-77C35933D23F}.AppStore|iPhone.ActiveCfg = AppStore|iPhone
		{E04A62DA-49FB-4E8C-8622-77C35933D23F}.AppStore|iPhone.Build.0 = AppStore|iPhone
		{E04A62DA-49FB-4E8C-8622-77C35933D23F}.AppStore|iPhoneSimulator.ActiveCfg = AppStore|iPhoneSimulator
		{E04A62DA-49FB-4E8C-8622-77C35933D23F}.AppStore|iPhoneSimulator.Build.0 = AppStore|iPhoneSimulator
		{E04A62DA-49FB-4E8C-8622-77C35933D23F}.Debug|Any CPU.ActiveCfg = Debug|iPhoneSimulator
		{E04A62DA-49FB-4E8C-8622-77C35933D23F}.Debug|Any CPU.Build.0 = Debug|iPhoneSimulator
		{E04A62DA-49FB-4E8C-8622-77C35933D23F}.Debug|iPhone.ActiveCfg = Debug|iPhone
		{E04A62DA-49FB-4E8C-8622-77C35933D23F}.Debug|iPhone.Build.0 = Debug|iPhone
		{E04A62DA-49FB-4E8C-8622-77C35933D23F}.Debug|iPhoneSimulator.ActiveCfg = Debug|iPhoneSimulator
		{E04A62DA-49FB-4E8C-8622-77C35933D23F}.Debug|iPhoneSimulator.Build.0 = Debug|iPhoneSimulator
		{E04A62DA-49FB-4E8C-8622-77C35933D23F}.Release|Any CPU.ActiveCfg = Release|iPhoneSimulator
		{E04A62DA-49FB-4E8C-8622-77C35933D23F}.Release|Any CPU.Build.0 = Release|iPhoneSimulator
		{E04A62DA-49FB-4E8C-8622-77C35933D23F}.Release|iPhone.ActiveCfg = Release|iPhone
		{E04A62DA-49FB-4E8C-8622-77C35933D23F}.Release|iPhone.Build.0 = Release|iPhone
		{E04A62DA-49FB-4E8C-8622-77C35933D23F}.Release|iPhoneSimulator.ActiveCfg = Release|iPhoneSimulator
		{E04A62DA-49FB-4E8C-8622-77C35933D23F}.Release|iPhoneSimulator.Build.0 = Release|iPhoneSimulator
		{3FA8AB1E-0438-4C27-BFA3-2E64ED81142F}.Ad-Hoc|Any CPU.ActiveCfg = Debug|Any CPU
		{3FA8AB1E-0438-4C27-BFA3-2E64ED81142F}.Ad-Hoc|Any CPU.Build.0 = Debug|Any CPU
		{3FA8AB1E-0438-4C27-BFA3-2E64ED81142F}.Ad-Hoc|Any CPU.Deploy.0 = Debug|Any CPU
		{3FA8AB1E-0438-4C27-BFA3-2E64ED81142F}.Ad-Hoc|iPhone.ActiveCfg = Debug|Any CPU
		{3FA8AB1E-0438-4C27-BFA3-2E64ED81142F}.Ad-Hoc|iPhone.Build.0 = Debug|Any CPU
		{3FA8AB1E-0438-4C27-BFA3-2E64ED81142F}.Ad-Hoc|iPhone.Deploy.0 = Debug|Any CPU
		{3FA8AB1E-0438-4C27-BFA3-2E64ED81142F}.Ad-Hoc|iPhoneSimulator.ActiveCfg = Debug|Any CPU
		{3FA8AB1E-0438-4C27-BFA3-2E64ED81142F}.Ad-Hoc|iPhoneSimulator.Build.0 = Debug|Any CPU
		{3FA8AB1E-0438-4C27-BFA3-2E64ED81142F}.Ad-Hoc|iPhoneSimulator.Deploy.0 = Debug|Any CPU
		{3FA8AB1E-0438-4C27-BFA3-2E64ED81142F}.AppStore|Any CPU.ActiveCfg = Debug|Any CPU
		{3FA8AB1E-0438-4C27-BFA3-2E64ED81142F}.AppStore|Any CPU.Build.0 = Debug|Any CPU
		{3FA8AB1E-0438-4C27-BFA3-2E64ED81142F}.AppStore|Any CPU.Deploy.0 = Debug|Any CPU
		{3FA8AB1E-0438-4C27-BFA3-2E64ED81142F}.AppStore|iPhone.ActiveCfg = Debug|Any CPU
		{3FA8AB1E-0438-4C27-BFA3-2E64ED81142F}.AppStore|iPhone.Build.0 = Debug|Any CPU
		{3FA8AB1E-0438-4C27-BFA3-2E64ED81142F}.AppStore|iPhone.Deploy.0 = Debug|Any CPU
		{3FA8AB1E-0438-4C27-BFA3-2E64ED81142F}.AppStore|iPhoneSimulator.ActiveCfg = Debug|Any CPU
		{3FA8AB1E-0438-4C27-BFA3-2E64ED81142F}.AppStore|iPhoneSimulator.Build.0 = Debug|Any CPU
		{3FA8AB1E-0438-4C27-BFA3-2E64ED81142F}.AppStore|iPhoneSimulator.Deploy.0 = Debug|Any CPU
		{3FA8AB1E-0438-4C27-BFA3-2E64ED81142F}.Debug|Any CPU.ActiveCfg = Debug|Any CPU
		{3FA8AB1E-0438-4C27-BFA3-2E64ED81142F}.Debug|Any CPU.Build.0 = Debug|Any CPU
		{3FA8AB1E-0438-4C27-BFA3-2E64ED81142F}.Debug|Any CPU.Deploy.0 = Debug|Any CPU
		{3FA8AB1E-0438-4C27-BFA3-2E64ED81142F}.Debug|iPhone.ActiveCfg = Debug|Any CPU
		{3FA8AB1E-0438-4C27-BFA3-2E64ED81142F}.Debug|iPhone.Build.0 = Debug|Any CPU
		{3FA8AB1E-0438-4C27-BFA3-2E64ED81142F}.Debug|iPhone.Deploy.0 = Debug|Any CPU
		{3FA8AB1E-0438-4C27-BFA3-2E64ED81142F}.Debug|iPhoneSimulator.ActiveCfg = Debug|Any CPU
		{3FA8AB1E-0438-4C27-BFA3-2E64ED81142F}.Debug|iPhoneSimulator.Build.0 = Debug|Any CPU
		{3FA8AB1E-0438-4C27-BFA3-2E64ED81142F}.Debug|iPhoneSimulator.Deploy.0 = Debug|Any CPU
		{3FA8AB1E-0438-4C27-BFA3-2E64ED81142F}.Release|Any CPU.ActiveCfg = Release|Any CPU
		{3FA8AB1E-0438-4C27-BFA3-2E64ED81142F}.Release|Any CPU.Build.0 = Release|Any CPU
		{3FA8AB1E-0438-4C27-BFA3-2E64ED81142F}.Release|Any CPU.Deploy.0 = Release|Any CPU
		{3FA8AB1E-0438-4C27-BFA3-2E64ED81142F}.Release|iPhone.ActiveCfg = Release|Any CPU
		{3FA8AB1E-0438-4C27-BFA3-2E64ED81142F}.Release|iPhone.Build.0 = Release|Any CPU
		{3FA8AB1E-0438-4C27-BFA3-2E64ED81142F}.Release|iPhone.Deploy.0 = Release|Any CPU
		{3FA8AB1E-0438-4C27-BFA3-2E64ED81142F}.Release|iPhoneSimulator.ActiveCfg = Release|Any CPU
		{3FA8AB1E-0438-4C27-BFA3-2E64ED81142F}.Release|iPhoneSimulator.Build.0 = Release|Any CPU
		{3FA8AB1E-0438-4C27-BFA3-2E64ED81142F}.Release|iPhoneSimulator.Deploy.0 = Release|Any CPU
		{637E0CA7-FF89-40F0-9BE9-6C005040F520}.Ad-Hoc|Any CPU.ActiveCfg = Debug|iPhoneSimulator
		{637E0CA7-FF89-40F0-9BE9-6C005040F520}.Ad-Hoc|Any CPU.Build.0 = Debug|iPhoneSimulator
		{637E0CA7-FF89-40F0-9BE9-6C005040F520}.Ad-Hoc|iPhone.ActiveCfg = Debug|iPhone
		{637E0CA7-FF89-40F0-9BE9-6C005040F520}.Ad-Hoc|iPhone.Build.0 = Debug|iPhone
		{637E0CA7-FF89-40F0-9BE9-6C005040F520}.Ad-Hoc|iPhoneSimulator.ActiveCfg = Debug|iPhoneSimulator
		{637E0CA7-FF89-40F0-9BE9-6C005040F520}.Ad-Hoc|iPhoneSimulator.Build.0 = Debug|iPhoneSimulator
		{637E0CA7-FF89-40F0-9BE9-6C005040F520}.AppStore|Any CPU.ActiveCfg = Debug|iPhoneSimulator
		{637E0CA7-FF89-40F0-9BE9-6C005040F520}.AppStore|Any CPU.Build.0 = Debug|iPhoneSimulator
		{637E0CA7-FF89-40F0-9BE9-6C005040F520}.AppStore|iPhone.ActiveCfg = Debug|iPhone
		{637E0CA7-FF89-40F0-9BE9-6C005040F520}.AppStore|iPhone.Build.0 = Debug|iPhone
		{637E0CA7-FF89-40F0-9BE9-6C005040F520}.AppStore|iPhoneSimulator.ActiveCfg = Debug|iPhoneSimulator
		{637E0CA7-FF89-40F0-9BE9-6C005040F520}.AppStore|iPhoneSimulator.Build.0 = Debug|iPhoneSimulator
		{637E0CA7-FF89-40F0-9BE9-6C005040F520}.Debug|Any CPU.ActiveCfg = Debug|iPhoneSimulator
		{637E0CA7-FF89-40F0-9BE9-6C005040F520}.Debug|Any CPU.Build.0 = Debug|iPhoneSimulator
		{637E0CA7-FF89-40F0-9BE9-6C005040F520}.Debug|iPhone.ActiveCfg = Debug|iPhone
		{637E0CA7-FF89-40F0-9BE9-6C005040F520}.Debug|iPhone.Build.0 = Debug|iPhone
		{637E0CA7-FF89-40F0-9BE9-6C005040F520}.Debug|iPhoneSimulator.ActiveCfg = Debug|iPhoneSimulator
		{637E0CA7-FF89-40F0-9BE9-6C005040F520}.Debug|iPhoneSimulator.Build.0 = Debug|iPhoneSimulator
		{637E0CA7-FF89-40F0-9BE9-6C005040F520}.Release|Any CPU.ActiveCfg = Release|iPhoneSimulator
		{637E0CA7-FF89-40F0-9BE9-6C005040F520}.Release|Any CPU.Build.0 = Release|iPhoneSimulator
		{637E0CA7-FF89-40F0-9BE9-6C005040F520}.Release|iPhone.ActiveCfg = Release|iPhone
		{637E0CA7-FF89-40F0-9BE9-6C005040F520}.Release|iPhone.Build.0 = Release|iPhone
		{637E0CA7-FF89-40F0-9BE9-6C005040F520}.Release|iPhoneSimulator.ActiveCfg = Release|iPhoneSimulator
		{637E0CA7-FF89-40F0-9BE9-6C005040F520}.Release|iPhoneSimulator.Build.0 = Release|iPhoneSimulator
	EndGlobalSection
	GlobalSection(SolutionProperties) = preSolution
		HideSolutionNode = FALSE
	EndGlobalSection
	GlobalSection(ExtensibilityGlobals) = postSolution
		SolutionGuid = {828A9E24-7162-40FB-BB92-95DA78B4DC56}
	EndGlobalSection
EndGlobal
